{
<<<<<<< HEAD
  "requires": true,
  "lockfileVersion": 1,
  "dependencies": {
    "print-js": {
      "version": "1.0.55",
      "resolved": "https://registry.npmjs.org/print-js/-/print-js-1.0.55.tgz",
      "integrity": "sha512-bCYb9ubPmOYSoHtv626P82hf+MM6TOrm5s44FNM2D2yfxe0QA5w1Wz3gckKacNW4C3er8k64yHHAL/3xnjOSoQ=="
    }
  }
=======
  "lockfileVersion": 1
>>>>>>> pdf
}
